github.com/andlabs/ui v0.0.0-20180902183112-867a9e5a498d h1:4ianvxb8s3oyizgjuWWxGuTAUU+6JStcvj6BuHS4PVY=
github.com/andlabs/ui v0.0.0-20180902183112-867a9e5a498d/go.mod h1:5G2EjwzgZUPnnReoKvPWVneT8APYbyKkihDVAHUi0II=
github.com/andlabs/ui v0.0.0-20200610043537-70a69d6ae31e h1:wSQCJiig/QkoUnpvelSPbLiZNWvh2yMqQTQvIQqSUkU=
github.com/andlabs/ui v0.0.0-20200610043537-70a69d6ae31e/go.mod h1:5G2EjwzgZUPnnReoKvPWVneT8APYbyKkihDVAHUi0II=
github.com/fsnotify/fsnotify v1.4.7 h1:IXs+QLmnXW2CcXuY+8Mzv/fWEsPGWxqefPtCP5CnV9I=
github.com/fsnotify/fsnotify v1.4.7/go.mod h1:jwhsz4b93w/PPRr/qN1Yymfu8t87LnFCMoQvtojpjFo=
github.com/fsnotify/fsnotify v1.4.9 h1:hsms1Qyu0jgnwNXIxa+/V/PDsU6CfLf6CNO8H7IWoS4=
github.com/fsnotify/fsnotify v1.4.9/go.mod h1:znqG4EE+3YCdAaPaxE2ZRY/06pZUdp0tY4IgpuI1SZQ=
golang.org/x/sys v0.0.0-20191003212358-c178f38b412c h1:6Zx7DRlKXf79yfxuQ/7GqV3w2y7aDsk6bGg0MzF5RVU=
golang.org/x/sys v0.0.0-20191003212358-c178f38b412c/go.mod h1:h1NjWce9XRLGQEsW7wpKNCjG9DtNlClVuFLEZdDNbEs=
golang.org/x/sys v0.0.0-20191005200804-aed5e4c7ecf9/go.mod h1:h1NjWce9XRLGQEsW7wpKNCjG9DtNlClVuFLEZdDNbEs=
golang.org/x/sys v0.0.0-20210324051608-47abb6519492 h1:Paq34FxTluEPvVyayQqMPgHm+vTOrIifmcYxFBx9TLg=
golang.org/x/sys v0.0.0-20210324051608-47abb6519492/go.mod h1:h1NjWce9XRLGQEsW7wpKNCjG9DtNlClVuFLEZdDNbEs=
